// !$*UTF8*$!
{
	archiveVersion = 1;
	classes = {
	};
	objectVersion = 48;
	objects = {

/* Begin PBXBuildFile section */
		9ED836672A721CF5BD165678 /* Pods_Factory2_0.framework in Frameworks */ = {isa = PBXBuildFile; fileRef = 0D478978B5DCA724A76701D4 /* Pods_Factory2_0.framework */; };
		CF026C1820FBAEC3005193E9 /* FavoiteNewsViewModel.swift in Sources */ = {isa = PBXBuildFile; fileRef = CF026C1720FBAEC3005193E9 /* FavoiteNewsViewModel.swift */; };
		CF03CAD120E90C3200D7FCCF /* SingleNewsViewModel.swift in Sources */ = {isa = PBXBuildFile; fileRef = CF03CAD020E90C3200D7FCCF /* SingleNewsViewModel.swift */; };
		CF137A1420E8073C002A45A6 /* AppDelegate.swift in Sources */ = {isa = PBXBuildFile; fileRef = CF137A1320E8073C002A45A6 /* AppDelegate.swift */; };
		CF137A1920E8073C002A45A6 /* Main.storyboard in Resources */ = {isa = PBXBuildFile; fileRef = CF137A1720E8073C002A45A6 /* Main.storyboard */; };
		CF137A1B20E8073C002A45A6 /* Assets.xcassets in Resources */ = {isa = PBXBuildFile; fileRef = CF137A1A20E8073C002A45A6 /* Assets.xcassets */; };
		CF137A1E20E8073C002A45A6 /* LaunchScreen.storyboard in Resources */ = {isa = PBXBuildFile; fileRef = CF137A1C20E8073C002A45A6 /* LaunchScreen.storyboard */; };
		CF137A2B20E8076A002A45A6 /* ListNewsViewModel.swift in Sources */ = {isa = PBXBuildFile; fileRef = CF137A2520E80769002A45A6 /* ListNewsViewModel.swift */; };
		CF137A2C20E8076A002A45A6 /* JSONModel.swift in Sources */ = {isa = PBXBuildFile; fileRef = CF137A2620E80769002A45A6 /* JSONModel.swift */; };
		CF137A2D20E8076A002A45A6 /* APIRepository.swift in Sources */ = {isa = PBXBuildFile; fileRef = CF137A2720E8076A002A45A6 /* APIRepository.swift */; };
		CF137A2E20E8076A002A45A6 /* ListNewsViewCell.swift in Sources */ = {isa = PBXBuildFile; fileRef = CF137A2820E8076A002A45A6 /* ListNewsViewCell.swift */; };
		CF137A3020E8076A002A45A6 /* ListNewsViewController.swift in Sources */ = {isa = PBXBuildFile; fileRef = CF137A2A20E8076A002A45A6 /* ListNewsViewController.swift */; };
		CF137A3420E80779002A45A6 /* SingleNewsViewController.swift in Sources */ = {isa = PBXBuildFile; fileRef = CF137A3120E80779002A45A6 /* SingleNewsViewController.swift */; };
		CF137A3520E80779002A45A6 /* ErrorController.swift in Sources */ = {isa = PBXBuildFile; fileRef = CF137A3220E80779002A45A6 /* ErrorController.swift */; };
		CF4B6E7C20EF4DFA00DBCC7E /* NewsData.swift in Sources */ = {isa = PBXBuildFile; fileRef = CF4B6E7B20EF4DFA00DBCC7E /* NewsData.swift */; };
		CFC6577020F61CA200AA7AE1 /* BaseViewController.swift in Sources */ = {isa = PBXBuildFile; fileRef = CFC6576F20F61CA200AA7AE1 /* BaseViewController.swift */; };
		CFC6577A20F626F600AA7AE1 /* FavoriteNewsViewController.swift in Sources */ = {isa = PBXBuildFile; fileRef = CFC6577920F626F600AA7AE1 /* FavoriteNewsViewController.swift */; };
		CFC6577C20F627C400AA7AE1 /* BaseCoordinator.swift in Sources */ = {isa = PBXBuildFile; fileRef = CFC6577B20F627C400AA7AE1 /* BaseCoordinator.swift */; };
		CFD23AC620F489CE00659729 /* SingleNewsCoordinator.swift in Sources */ = {isa = PBXBuildFile; fileRef = CFD23AC520F489CE00659729 /* SingleNewsCoordinator.swift */; };
		CFD8C02520F3851F00063F49 /* AppCoordinator.swift in Sources */ = {isa = PBXBuildFile; fileRef = CFD8C02420F3851F00063F49 /* AppCoordinator.swift */; };
		CFD8C02720F3852B00063F49 /* Coordinator.swift in Sources */ = {isa = PBXBuildFile; fileRef = CFD8C02620F3852B00063F49 /* Coordinator.swift */; };
		CFD8C02A20F3965400063F49 /* ListNewsCoordinator.swift in Sources */ = {isa = PBXBuildFile; fileRef = CFD8C02920F3965400063F49 /* ListNewsCoordinator.swift */; };
		CFD8C02D20F3A59B00063F49 /* OpenSingleNewsDelegate.swift in Sources */ = {isa = PBXBuildFile; fileRef = CFD8C02C20F3A59B00063F49 /* OpenSingleNewsDelegate.swift */; };
		CFD8C02F20F3A75F00063F49 /* CoordinatorDelegate.swift in Sources */ = {isa = PBXBuildFile; fileRef = CFD8C02E20F3A75F00063F49 /* CoordinatorDelegate.swift */; };
		CFE0426C20F750F60042CB2F /* FavoriteNewsCoordinator.swift in Sources */ = {isa = PBXBuildFile; fileRef = CFE0426B20F750F60042CB2F /* FavoriteNewsCoordinator.swift */; };
		CFE0427020F7800B0042CB2F /* RealmService.swift in Sources */ = {isa = PBXBuildFile; fileRef = CFE0426F20F7800B0042CB2F /* RealmService.swift */; };
		CFE0427220F7969A0042CB2F /* NewsViewCellDelegate.swift in Sources */ = {isa = PBXBuildFile; fileRef = CFE0427120F7969A0042CB2F /* NewsViewCellDelegate.swift */; };
		CFF07DD420F551150049315D /* DataAndErrorWrapper.swift in Sources */ = {isa = PBXBuildFile; fileRef = CFF07DD320F551150049315D /* DataAndErrorWrapper.swift */; };
/* End PBXBuildFile section */

/* Begin PBXFileReference section */
		0D478978B5DCA724A76701D4 /* Pods_Factory2_0.framework */ = {isa = PBXFileReference; explicitFileType = wrapper.framework; includeInIndex = 0; path = Pods_Factory2_0.framework; sourceTree = BUILT_PRODUCTS_DIR; };
		C03AB4E74AFD6B4174259597 /* Pods-Factory2.0.release.xcconfig */ = {isa = PBXFileReference; includeInIndex = 1; lastKnownFileType = text.xcconfig; name = "Pods-Factory2.0.release.xcconfig"; path = "Pods/Target Support Files/Pods-Factory2.0/Pods-Factory2.0.release.xcconfig"; sourceTree = "<group>"; };
		C646A3F1046CCBF215F218BD /* Pods-Factory2.0.debug.xcconfig */ = {isa = PBXFileReference; includeInIndex = 1; lastKnownFileType = text.xcconfig; name = "Pods-Factory2.0.debug.xcconfig"; path = "Pods/Target Support Files/Pods-Factory2.0/Pods-Factory2.0.debug.xcconfig"; sourceTree = "<group>"; };
		CF026C1720FBAEC3005193E9 /* FavoiteNewsViewModel.swift */ = {isa = PBXFileReference; lastKnownFileType = sourcecode.swift; path = FavoiteNewsViewModel.swift; sourceTree = "<group>"; };
		CF03CAD020E90C3200D7FCCF /* SingleNewsViewModel.swift */ = {isa = PBXFileReference; lastKnownFileType = sourcecode.swift; path = SingleNewsViewModel.swift; sourceTree = "<group>"; };
		CF137A1020E8073C002A45A6 /* Factory2.0.app */ = {isa = PBXFileReference; explicitFileType = wrapper.application; includeInIndex = 0; path = Factory2.0.app; sourceTree = BUILT_PRODUCTS_DIR; };
		CF137A1320E8073C002A45A6 /* AppDelegate.swift */ = {isa = PBXFileReference; lastKnownFileType = sourcecode.swift; path = AppDelegate.swift; sourceTree = "<group>"; };
		CF137A1820E8073C002A45A6 /* Base */ = {isa = PBXFileReference; lastKnownFileType = file.storyboard; name = Base; path = Base.lproj/Main.storyboard; sourceTree = "<group>"; };
		CF137A1A20E8073C002A45A6 /* Assets.xcassets */ = {isa = PBXFileReference; lastKnownFileType = folder.assetcatalog; path = Assets.xcassets; sourceTree = "<group>"; };
		CF137A1D20E8073C002A45A6 /* Base */ = {isa = PBXFileReference; lastKnownFileType = file.storyboard; name = Base; path = Base.lproj/LaunchScreen.storyboard; sourceTree = "<group>"; };
		CF137A1F20E8073C002A45A6 /* Info.plist */ = {isa = PBXFileReference; lastKnownFileType = text.plist.xml; path = Info.plist; sourceTree = "<group>"; };
		CF137A2520E80769002A45A6 /* ListNewsViewModel.swift */ = {isa = PBXFileReference; lastKnownFileType = sourcecode.swift; path = ListNewsViewModel.swift; sourceTree = "<group>"; };
		CF137A2620E80769002A45A6 /* JSONModel.swift */ = {isa = PBXFileReference; lastKnownFileType = sourcecode.swift; path = JSONModel.swift; sourceTree = "<group>"; };
		CF137A2720E8076A002A45A6 /* APIRepository.swift */ = {isa = PBXFileReference; lastKnownFileType = sourcecode.swift; path = APIRepository.swift; sourceTree = "<group>"; };
		CF137A2820E8076A002A45A6 /* ListNewsViewCell.swift */ = {isa = PBXFileReference; lastKnownFileType = sourcecode.swift; path = ListNewsViewCell.swift; sourceTree = "<group>"; };
		CF137A2A20E8076A002A45A6 /* ListNewsViewController.swift */ = {isa = PBXFileReference; lastKnownFileType = sourcecode.swift; path = ListNewsViewController.swift; sourceTree = "<group>"; };
		CF137A3120E80779002A45A6 /* SingleNewsViewController.swift */ = {isa = PBXFileReference; fileEncoding = 4; lastKnownFileType = sourcecode.swift; path = SingleNewsViewController.swift; sourceTree = "<group>"; };
		CF137A3220E80779002A45A6 /* ErrorController.swift */ = {isa = PBXFileReference; fileEncoding = 4; lastKnownFileType = sourcecode.swift; path = ErrorController.swift; sourceTree = "<group>"; };
		CF4B6E7B20EF4DFA00DBCC7E /* NewsData.swift */ = {isa = PBXFileReference; lastKnownFileType = sourcecode.swift; path = NewsData.swift; sourceTree = "<group>"; };
		CFC6576F20F61CA200AA7AE1 /* BaseViewController.swift */ = {isa = PBXFileReference; lastKnownFileType = sourcecode.swift; path = BaseViewController.swift; sourceTree = "<group>"; };
		CFC6577920F626F600AA7AE1 /* FavoriteNewsViewController.swift */ = {isa = PBXFileReference; lastKnownFileType = sourcecode.swift; path = FavoriteNewsViewController.swift; sourceTree = "<group>"; };
		CFC6577B20F627C400AA7AE1 /* BaseCoordinator.swift */ = {isa = PBXFileReference; lastKnownFileType = sourcecode.swift; path = BaseCoordinator.swift; sourceTree = "<group>"; };
		CFD23AC520F489CE00659729 /* SingleNewsCoordinator.swift */ = {isa = PBXFileReference; lastKnownFileType = sourcecode.swift; path = SingleNewsCoordinator.swift; sourceTree = "<group>"; };
		CFD8C02420F3851F00063F49 /* AppCoordinator.swift */ = {isa = PBXFileReference; lastKnownFileType = sourcecode.swift; path = AppCoordinator.swift; sourceTree = "<group>"; };
		CFD8C02620F3852B00063F49 /* Coordinator.swift */ = {isa = PBXFileReference; lastKnownFileType = sourcecode.swift; path = Coordinator.swift; sourceTree = "<group>"; };
		CFD8C02920F3965400063F49 /* ListNewsCoordinator.swift */ = {isa = PBXFileReference; lastKnownFileType = sourcecode.swift; path = ListNewsCoordinator.swift; sourceTree = "<group>"; };
		CFD8C02C20F3A59B00063F49 /* OpenSingleNewsDelegate.swift */ = {isa = PBXFileReference; lastKnownFileType = sourcecode.swift; path = OpenSingleNewsDelegate.swift; sourceTree = "<group>"; };
		CFD8C02E20F3A75F00063F49 /* CoordinatorDelegate.swift */ = {isa = PBXFileReference; lastKnownFileType = sourcecode.swift; path = CoordinatorDelegate.swift; sourceTree = "<group>"; };
		CFE0426B20F750F60042CB2F /* FavoriteNewsCoordinator.swift */ = {isa = PBXFileReference; lastKnownFileType = sourcecode.swift; path = FavoriteNewsCoordinator.swift; sourceTree = "<group>"; };
		CFE0426F20F7800B0042CB2F /* RealmService.swift */ = {isa = PBXFileReference; lastKnownFileType = sourcecode.swift; path = RealmService.swift; sourceTree = "<group>"; };
		CFE0427120F7969A0042CB2F /* NewsViewCellDelegate.swift */ = {isa = PBXFileReference; lastKnownFileType = sourcecode.swift; path = NewsViewCellDelegate.swift; sourceTree = "<group>"; };
		CFF07DD320F551150049315D /* DataAndErrorWrapper.swift */ = {isa = PBXFileReference; lastKnownFileType = sourcecode.swift; path = DataAndErrorWrapper.swift; sourceTree = "<group>"; };
/* End PBXFileReference section */

/* Begin PBXFrameworksBuildPhase section */
		CF137A0D20E8073C002A45A6 /* Frameworks */ = {
			isa = PBXFrameworksBuildPhase;
			buildActionMask = 2147483647;
			files = (
				9ED836672A721CF5BD165678 /* Pods_Factory2_0.framework in Frameworks */,
			);
			runOnlyForDeploymentPostprocessing = 0;
		};
/* End PBXFrameworksBuildPhase section */

/* Begin PBXGroup section */
		36E11A592C42CAA44FDF1BA5 /* Pods */ = {
			isa = PBXGroup;
			children = (
				C646A3F1046CCBF215F218BD /* Pods-Factory2.0.debug.xcconfig */,
				C03AB4E74AFD6B4174259597 /* Pods-Factory2.0.release.xcconfig */,
			);
			name = Pods;
			sourceTree = "<group>";
		};
		82707B6995F72825A209AB71 /* Frameworks */ = {
			isa = PBXGroup;
			children = (
				0D478978B5DCA724A76701D4 /* Pods_Factory2_0.framework */,
			);
			name = Frameworks;
			sourceTree = "<group>";
		};
		CF137A0720E8073C002A45A6 = {
			isa = PBXGroup;
			children = (
				CF137A1220E8073C002A45A6 /* Factory2.0 */,
				CF137A1120E8073C002A45A6 /* Products */,
				36E11A592C42CAA44FDF1BA5 /* Pods */,
				82707B6995F72825A209AB71 /* Frameworks */,
			);
			sourceTree = "<group>";
		};
		CF137A1120E8073C002A45A6 /* Products */ = {
			isa = PBXGroup;
			children = (
				CF137A1020E8073C002A45A6 /* Factory2.0.app */,
			);
			name = Products;
			sourceTree = "<group>";
		};
		CF137A1220E8073C002A45A6 /* Factory2.0 */ = {
			isa = PBXGroup;
			children = (
				CFC6577820F61D9600AA7AE1 /* NewsCell */,
				CFD8C02320F384B500063F49 /* Coordinators */,
				CFC6576E20F61C8E00AA7AE1 /* Base */,
				CF4B6E7D20EF504300DBCC7E /* ListNews */,
				CFC6577420F61D5700AA7AE1 /* FavoriteNews */,
				CF4B6E7E20EF505700DBCC7E /* SingleNews */,
				CFD52C0D20EA83E7000F8F4E /* Model */,
				CFD52C0B20EA838A000F8F4E /* Layouts */,
				CFD52C0A20EA8368000F8F4E /* Resource */,
				CFD52C0C20EA83B6000F8F4E /* Error */,
				CF137A1320E8073C002A45A6 /* AppDelegate.swift */,
				CF137A1F20E8073C002A45A6 /* Info.plist */,
			);
			path = Factory2.0;
			sourceTree = "<group>";
		};
		CF4B6E7D20EF504300DBCC7E /* ListNews */ = {
			isa = PBXGroup;
			children = (
				CFD8C02820F3963B00063F49 /* Coordinator */,
				CF4B6E8020EF507000DBCC7E /* View */,
				CF4B6E7F20EF506900DBCC7E /* ViewModel */,
			);
			path = ListNews;
			sourceTree = "<group>";
		};
		CF4B6E7E20EF505700DBCC7E /* SingleNews */ = {
			isa = PBXGroup;
			children = (
				CFD8C02B20F3A40600063F49 /* Coordinator */,
				CF4B6E8220EF507A00DBCC7E /* ViewModel */,
				CF4B6E8120EF507500DBCC7E /* View */,
			);
			path = SingleNews;
			sourceTree = "<group>";
		};
		CF4B6E7F20EF506900DBCC7E /* ViewModel */ = {
			isa = PBXGroup;
			children = (
				CF137A2520E80769002A45A6 /* ListNewsViewModel.swift */,
			);
			path = ViewModel;
			sourceTree = "<group>";
		};
		CF4B6E8020EF507000DBCC7E /* View */ = {
			isa = PBXGroup;
			children = (
				CF137A2A20E8076A002A45A6 /* ListNewsViewController.swift */,
			);
			path = View;
			sourceTree = "<group>";
		};
		CF4B6E8120EF507500DBCC7E /* View */ = {
			isa = PBXGroup;
			children = (
				CF137A3120E80779002A45A6 /* SingleNewsViewController.swift */,
			);
			path = View;
			sourceTree = "<group>";
		};
		CF4B6E8220EF507A00DBCC7E /* ViewModel */ = {
			isa = PBXGroup;
			children = (
				CF03CAD020E90C3200D7FCCF /* SingleNewsViewModel.swift */,
			);
			path = ViewModel;
			sourceTree = "<group>";
		};
		CFC6576E20F61C8E00AA7AE1 /* Base */ = {
			isa = PBXGroup;
			children = (
				CFC6577120F61D0C00AA7AE1 /* Coordinator */,
				CFC6577220F61D1500AA7AE1 /* View */,
			);
			path = Base;
			sourceTree = "<group>";
		};
		CFC6577120F61D0C00AA7AE1 /* Coordinator */ = {
			isa = PBXGroup;
			children = (
				CFC6577B20F627C400AA7AE1 /* BaseCoordinator.swift */,
			);
			path = Coordinator;
			sourceTree = "<group>";
		};
		CFC6577220F61D1500AA7AE1 /* View */ = {
			isa = PBXGroup;
			children = (
				CFC6576F20F61CA200AA7AE1 /* BaseViewController.swift */,
			);
			path = View;
			sourceTree = "<group>";
		};
		CFC6577420F61D5700AA7AE1 /* FavoriteNews */ = {
			isa = PBXGroup;
			children = (
				CFC6577620F61D7B00AA7AE1 /* Coordinator */,
				CFC6577720F61D8100AA7AE1 /* ViewModel */,
				CFC6577520F61D7400AA7AE1 /* View */,
			);
			path = FavoriteNews;
			sourceTree = "<group>";
		};
		CFC6577520F61D7400AA7AE1 /* View */ = {
			isa = PBXGroup;
			children = (
				CFC6577920F626F600AA7AE1 /* FavoriteNewsViewController.swift */,
			);
			path = View;
			sourceTree = "<group>";
		};
		CFC6577620F61D7B00AA7AE1 /* Coordinator */ = {
			isa = PBXGroup;
			children = (
				CFE0426B20F750F60042CB2F /* FavoriteNewsCoordinator.swift */,
			);
			path = Coordinator;
			sourceTree = "<group>";
		};
		CFC6577720F61D8100AA7AE1 /* ViewModel */ = {
			isa = PBXGroup;
			children = (
				CF026C1720FBAEC3005193E9 /* FavoiteNewsViewModel.swift */,
			);
			path = ViewModel;
			sourceTree = "<group>";
		};
		CFC6577820F61D9600AA7AE1 /* NewsCell */ = {
			isa = PBXGroup;
			children = (
				CF137A2820E8076A002A45A6 /* ListNewsViewCell.swift */,
				CFE0427120F7969A0042CB2F /* NewsViewCellDelegate.swift */,
			);
			path = NewsCell;
			sourceTree = "<group>";
		};
		CFD52C0A20EA8368000F8F4E /* Resource */ = {
			isa = PBXGroup;
			children = (
				CF137A1A20E8073C002A45A6 /* Assets.xcassets */,
			);
			path = Resource;
			sourceTree = "<group>";
		};
		CFD52C0B20EA838A000F8F4E /* Layouts */ = {
			isa = PBXGroup;
			children = (
				CF137A1720E8073C002A45A6 /* Main.storyboard */,
				CF137A1C20E8073C002A45A6 /* LaunchScreen.storyboard */,
			);
			path = Layouts;
			sourceTree = "<group>";
		};
		CFD52C0C20EA83B6000F8F4E /* Error */ = {
			isa = PBXGroup;
			children = (
				CF137A3220E80779002A45A6 /* ErrorController.swift */,
			);
			path = Error;
			sourceTree = "<group>";
		};
		CFD52C0D20EA83E7000F8F4E /* Model */ = {
			isa = PBXGroup;
			children = (
				CF137A2720E8076A002A45A6 /* APIRepository.swift */,
				CF4B6E7B20EF4DFA00DBCC7E /* NewsData.swift */,
				CF137A2620E80769002A45A6 /* JSONModel.swift */,
				CFF07DD320F551150049315D /* DataAndErrorWrapper.swift */,
				CFE0426F20F7800B0042CB2F /* RealmService.swift */,
			);
			path = Model;
			sourceTree = "<group>";
		};
		CFD8C02320F384B500063F49 /* Coordinators */ = {
			isa = PBXGroup;
			children = (
				CFD8C02420F3851F00063F49 /* AppCoordinator.swift */,
				CFD8C02620F3852B00063F49 /* Coordinator.swift */,
				CFD8C02E20F3A75F00063F49 /* CoordinatorDelegate.swift */,
				CFD8C02C20F3A59B00063F49 /* OpenSingleNewsDelegate.swift */,
			);
			name = Coordinators;
			path = "New Group";
			sourceTree = "<group>";
		};
		CFD8C02820F3963B00063F49 /* Coordinator */ = {
			isa = PBXGroup;
			children = (
				CFD8C02920F3965400063F49 /* ListNewsCoordinator.swift */,
			);
			path = Coordinator;
			sourceTree = "<group>";
		};
		CFD8C02B20F3A40600063F49 /* Coordinator */ = {
			isa = PBXGroup;
			children = (
				CFD23AC520F489CE00659729 /* SingleNewsCoordinator.swift */,
			);
			path = Coordinator;
			sourceTree = "<group>";
		};
/* End PBXGroup section */

/* Begin PBXNativeTarget section */
		CF137A0F20E8073C002A45A6 /* Factory2.0 */ = {
			isa = PBXNativeTarget;
			buildConfigurationList = CF137A2220E8073C002A45A6 /* Build configuration list for PBXNativeTarget "Factory2.0" */;
			buildPhases = (
				A28D3A4EEC12C36514F77D61 /* [CP] Check Pods Manifest.lock */,
				CF137A0C20E8073C002A45A6 /* Sources */,
				CF137A0D20E8073C002A45A6 /* Frameworks */,
				CF137A0E20E8073C002A45A6 /* Resources */,
				3F2C1DD71C3E7AEC0E177B5A /* [CP] Embed Pods Frameworks */,
			);
			buildRules = (
			);
			dependencies = (
			);
			name = Factory2.0;
			productName = Factory2.0;
			productReference = CF137A1020E8073C002A45A6 /* Factory2.0.app */;
			productType = "com.apple.product-type.application";
		};
/* End PBXNativeTarget section */

/* Begin PBXProject section */
		CF137A0820E8073C002A45A6 /* Project object */ = {
			isa = PBXProject;
			attributes = {
				LastSwiftUpdateCheck = 0920;
				LastUpgradeCheck = 0920;
				ORGANIZATIONNAME = "Mateo Došlić";
				TargetAttributes = {
					CF137A0F20E8073C002A45A6 = {
						CreatedOnToolsVersion = 9.2;
						ProvisioningStyle = Automatic;
					};
				};
			};
			buildConfigurationList = CF137A0B20E8073C002A45A6 /* Build configuration list for PBXProject "Factory2.0" */;
			compatibilityVersion = "Xcode 8.0";
			developmentRegion = en;
			hasScannedForEncodings = 0;
			knownRegions = (
				en,
				Base,
			);
			mainGroup = CF137A0720E8073C002A45A6;
			productRefGroup = CF137A1120E8073C002A45A6 /* Products */;
			projectDirPath = "";
			projectRoot = "";
			targets = (
				CF137A0F20E8073C002A45A6 /* Factory2.0 */,
			);
		};
/* End PBXProject section */

/* Begin PBXResourcesBuildPhase section */
		CF137A0E20E8073C002A45A6 /* Resources */ = {
			isa = PBXResourcesBuildPhase;
			buildActionMask = 2147483647;
			files = (
				CF137A1E20E8073C002A45A6 /* LaunchScreen.storyboard in Resources */,
				CF137A1B20E8073C002A45A6 /* Assets.xcassets in Resources */,
				CF137A1920E8073C002A45A6 /* Main.storyboard in Resources */,
			);
			runOnlyForDeploymentPostprocessing = 0;
		};
/* End PBXResourcesBuildPhase section */

/* Begin PBXShellScriptBuildPhase section */
		3F2C1DD71C3E7AEC0E177B5A /* [CP] Embed Pods Frameworks */ = {
			isa = PBXShellScriptBuildPhase;
			buildActionMask = 2147483647;
			files = (
			);
			inputPaths = (
				"${SRCROOT}/Pods/Target Support Files/Pods-Factory2.0/Pods-Factory2.0-frameworks.sh",
				"${BUILT_PRODUCTS_DIR}/Alamofire/Alamofire.framework",
				"${BUILT_PRODUCTS_DIR}/AlamofireImage/AlamofireImage.framework",
				"${BUILT_PRODUCTS_DIR}/Realm/Realm.framework",
				"${BUILT_PRODUCTS_DIR}/RealmSwift/RealmSwift.framework",
				"${BUILT_PRODUCTS_DIR}/RxAlamofire/RxAlamofire.framework",
				"${BUILT_PRODUCTS_DIR}/RxCocoa/RxCocoa.framework",
				"${BUILT_PRODUCTS_DIR}/RxSwift/RxSwift.framework",
				"${BUILT_PRODUCTS_DIR}/SwiftyJSON/SwiftyJSON.framework",
			);
			name = "[CP] Embed Pods Frameworks";
			outputPaths = (
				"${TARGET_BUILD_DIR}/${FRAMEWORKS_FOLDER_PATH}/Alamofire.framework",
				"${TARGET_BUILD_DIR}/${FRAMEWORKS_FOLDER_PATH}/AlamofireImage.framework",
				"${TARGET_BUILD_DIR}/${FRAMEWORKS_FOLDER_PATH}/Realm.framework",
				"${TARGET_BUILD_DIR}/${FRAMEWORKS_FOLDER_PATH}/RealmSwift.framework",
				"${TARGET_BUILD_DIR}/${FRAMEWORKS_FOLDER_PATH}/RxAlamofire.framework",
				"${TARGET_BUILD_DIR}/${FRAMEWORKS_FOLDER_PATH}/RxCocoa.framework",
				"${TARGET_BUILD_DIR}/${FRAMEWORKS_FOLDER_PATH}/RxSwift.framework",
				"${TARGET_BUILD_DIR}/${FRAMEWORKS_FOLDER_PATH}/SwiftyJSON.framework",
			);
			runOnlyForDeploymentPostprocessing = 0;
			shellPath = /bin/sh;
			shellScript = "\"${SRCROOT}/Pods/Target Support Files/Pods-Factory2.0/Pods-Factory2.0-frameworks.sh\"\n";
			showEnvVarsInLog = 0;
		};
		A28D3A4EEC12C36514F77D61 /* [CP] Check Pods Manifest.lock */ = {
			isa = PBXShellScriptBuildPhase;
			buildActionMask = 2147483647;
			files = (
			);
			inputPaths = (
				"${PODS_PODFILE_DIR_PATH}/Podfile.lock",
				"${PODS_ROOT}/Manifest.lock",
			);
			name = "[CP] Check Pods Manifest.lock";
			outputPaths = (
				"$(DERIVED_FILE_DIR)/Pods-Factory2.0-checkManifestLockResult.txt",
			);
			runOnlyForDeploymentPostprocessing = 0;
			shellPath = /bin/sh;
			shellScript = "diff \"${PODS_PODFILE_DIR_PATH}/Podfile.lock\" \"${PODS_ROOT}/Manifest.lock\" > /dev/null\nif [ $? != 0 ] ; then\n    # print error to STDERR\n    echo \"error: The sandbox is not in sync with the Podfile.lock. Run 'pod install' or update your CocoaPods installation.\" >&2\n    exit 1\nfi\n# This output is used by Xcode 'outputs' to avoid re-running this script phase.\necho \"SUCCESS\" > \"${SCRIPT_OUTPUT_FILE_0}\"\n";
			showEnvVarsInLog = 0;
		};
/* End PBXShellScriptBuildPhase section */

/* Begin PBXSourcesBuildPhase section */
		CF137A0C20E8073C002A45A6 /* Sources */ = {
			isa = PBXSourcesBuildPhase;
			buildActionMask = 2147483647;
			files = (
				CFD8C02520F3851F00063F49 /* AppCoordinator.swift in Sources */,
				CFD23AC620F489CE00659729 /* SingleNewsCoordinator.swift in Sources */,
				CF137A2D20E8076A002A45A6 /* APIRepository.swift in Sources */,
				CF137A3420E80779002A45A6 /* SingleNewsViewController.swift in Sources */,
				CFE0427020F7800B0042CB2F /* RealmService.swift in Sources */,
				CF03CAD120E90C3200D7FCCF /* SingleNewsViewModel.swift in Sources */,
				CFC6577020F61CA200AA7AE1 /* BaseViewController.swift in Sources */,
				CFD8C02D20F3A59B00063F49 /* OpenSingleNewsDelegate.swift in Sources */,
				CF137A2B20E8076A002A45A6 /* ListNewsViewModel.swift in Sources */,
				CF137A3020E8076A002A45A6 /* ListNewsViewController.swift in Sources */,
				CF137A2E20E8076A002A45A6 /* ListNewsViewCell.swift in Sources */,
				CFD8C02F20F3A75F00063F49 /* CoordinatorDelegate.swift in Sources */,
				CFD8C02A20F3965400063F49 /* ListNewsCoordinator.swift in Sources */,
				CF137A3520E80779002A45A6 /* ErrorController.swift in Sources */,
				CFF07DD420F551150049315D /* DataAndErrorWrapper.swift in Sources */,
				CFC6577A20F626F600AA7AE1 /* FavoriteNewsViewController.swift in Sources */,
				CF026C1820FBAEC3005193E9 /* FavoiteNewsViewModel.swift in Sources */,
				CFC6577C20F627C400AA7AE1 /* BaseCoordinator.swift in Sources */,
				CFE0427220F7969A0042CB2F /* NewsViewCellDelegate.swift in Sources */,
				CFD8C02720F3852B00063F49 /* Coordinator.swift in Sources */,
				CF137A2C20E8076A002A45A6 /* JSONModel.swift in Sources */,
				CFE0426C20F750F60042CB2F /* FavoriteNewsCoordinator.swift in Sources */,
				CF137A1420E8073C002A45A6 /* AppDelegate.swift in Sources */,
				CF4B6E7C20EF4DFA00DBCC7E /* NewsData.swift in Sources */,
			);
			runOnlyForDeploymentPostprocessing = 0;
		};
/* End PBXSourcesBuildPhase section */

/* Begin PBXVariantGroup section */
		CF137A1720E8073C002A45A6 /* Main.storyboard */ = {
			isa = PBXVariantGroup;
			children = (
				CF137A1820E8073C002A45A6 /* Base */,
			);
			name = Main.storyboard;
			sourceTree = "<group>";
		};
		CF137A1C20E8073C002A45A6 /* LaunchScreen.storyboard */ = {
			isa = PBXVariantGroup;
			children = (
				CF137A1D20E8073C002A45A6 /* Base */,
			);
			name = LaunchScreen.storyboard;
			sourceTree = "<group>";
		};
/* End PBXVariantGroup section */

/* Begin XCBuildConfiguration section */
		CF137A2020E8073C002A45A6 /* Debug */ = {
			isa = XCBuildConfiguration;
			buildSettings = {
				ALWAYS_SEARCH_USER_PATHS = NO;
				CLANG_ANALYZER_NONNULL = YES;
				CLANG_ANALYZER_NUMBER_OBJECT_CONVERSION = YES_AGGRESSIVE;
				CLANG_CXX_LANGUAGE_STANDARD = "gnu++14";
				CLANG_CXX_LIBRARY = "libc++";
				CLANG_ENABLE_MODULES = YES;
				CLANG_ENABLE_OBJC_ARC = YES;
				CLANG_WARN_BLOCK_CAPTURE_AUTORELEASING = YES;
				CLANG_WARN_BOOL_CONVERSION = YES;
				CLANG_WARN_COMMA = YES;
				CLANG_WARN_CONSTANT_CONVERSION = YES;
				CLANG_WARN_DIRECT_OBJC_ISA_USAGE = YES_ERROR;
				CLANG_WARN_DOCUMENTATION_COMMENTS = YES;
				CLANG_WARN_EMPTY_BODY = YES;
				CLANG_WARN_ENUM_CONVERSION = YES;
				CLANG_WARN_INFINITE_RECURSION = YES;
				CLANG_WARN_INT_CONVERSION = YES;
				CLANG_WARN_NON_LITERAL_NULL_CONVERSION = YES;
				CLANG_WARN_OBJC_LITERAL_CONVERSION = YES;
				CLANG_WARN_OBJC_ROOT_CLASS = YES_ERROR;
				CLANG_WARN_RANGE_LOOP_ANALYSIS = YES;
				CLANG_WARN_STRICT_PROTOTYPES = YES;
				CLANG_WARN_SUSPICIOUS_MOVE = YES;
				CLANG_WARN_UNGUARDED_AVAILABILITY = YES_AGGRESSIVE;
				CLANG_WARN_UNREACHABLE_CODE = YES;
				CLANG_WARN__DUPLICATE_METHOD_MATCH = YES;
				CODE_SIGN_IDENTITY = "iPhone Developer";
				COPY_PHASE_STRIP = NO;
				DEBUG_INFORMATION_FORMAT = dwarf;
				ENABLE_STRICT_OBJC_MSGSEND = YES;
				ENABLE_TESTABILITY = YES;
				GCC_C_LANGUAGE_STANDARD = gnu11;
				GCC_DYNAMIC_NO_PIC = NO;
				GCC_NO_COMMON_BLOCKS = YES;
				GCC_OPTIMIZATION_LEVEL = 0;
				GCC_PREPROCESSOR_DEFINITIONS = (
					"DEBUG=1",
					"$(inherited)",
				);
				GCC_WARN_64_TO_32_BIT_CONVERSION = YES;
				GCC_WARN_ABOUT_RETURN_TYPE = YES_ERROR;
				GCC_WARN_UNDECLARED_SELECTOR = YES;
				GCC_WARN_UNINITIALIZED_AUTOS = YES_AGGRESSIVE;
				GCC_WARN_UNUSED_FUNCTION = YES;
				GCC_WARN_UNUSED_VARIABLE = YES;
				IPHONEOS_DEPLOYMENT_TARGET = 11.2;
				MTL_ENABLE_DEBUG_INFO = YES;
				ONLY_ACTIVE_ARCH = YES;
				SDKROOT = iphoneos;
				SWIFT_ACTIVE_COMPILATION_CONDITIONS = DEBUG;
				SWIFT_OPTIMIZATION_LEVEL = "-Onone";
			};
			name = Debug;
		};
		CF137A2120E8073C002A45A6 /* Release */ = {
			isa = XCBuildConfiguration;
			buildSettings = {
				ALWAYS_SEARCH_USER_PATHS = NO;
				CLANG_ANALYZER_NONNULL = YES;
				CLANG_ANALYZER_NUMBER_OBJECT_CONVERSION = YES_AGGRESSIVE;
				CLANG_CXX_LANGUAGE_STANDARD = "gnu++14";
				CLANG_CXX_LIBRARY = "libc++";
				CLANG_ENABLE_MODULES = YES;
				CLANG_ENABLE_OBJC_ARC = YES;
				CLANG_WARN_BLOCK_CAPTURE_AUTORELEASING = YES;
				CLANG_WARN_BOOL_CONVERSION = YES;
				CLANG_WARN_COMMA = YES;
				CLANG_WARN_CONSTANT_CONVERSION = YES;
				CLANG_WARN_DIRECT_OBJC_ISA_USAGE = YES_ERROR;
				CLANG_WARN_DOCUMENTATION_COMMENTS = YES;
				CLANG_WARN_EMPTY_BODY = YES;
				CLANG_WARN_ENUM_CONVERSION = YES;
				CLANG_WARN_INFINITE_RECURSION = YES;
				CLANG_WARN_INT_CONVERSION = YES;
				CLANG_WARN_NON_LITERAL_NULL_CONVERSION = YES;
				CLANG_WARN_OBJC_LITERAL_CONVERSION = YES;
				CLANG_WARN_OBJC_ROOT_CLASS = YES_ERROR;
				CLANG_WARN_RANGE_LOOP_ANALYSIS = YES;
				CLANG_WARN_STRICT_PROTOTYPES = YES;
				CLANG_WARN_SUSPICIOUS_MOVE = YES;
				CLANG_WARN_UNGUARDED_AVAILABILITY = YES_AGGRESSIVE;
				CLANG_WARN_UNREACHABLE_CODE = YES;
				CLANG_WARN__DUPLICATE_METHOD_MATCH = YES;
				CODE_SIGN_IDENTITY = "iPhone Developer";
				COPY_PHASE_STRIP = NO;
				DEBUG_INFORMATION_FORMAT = "dwarf-with-dsym";
				ENABLE_NS_ASSERTIONS = NO;
				ENABLE_STRICT_OBJC_MSGSEND = YES;
				GCC_C_LANGUAGE_STANDARD = gnu11;
				GCC_NO_COMMON_BLOCKS = YES;
				GCC_WARN_64_TO_32_BIT_CONVERSION = YES;
				GCC_WARN_ABOUT_RETURN_TYPE = YES_ERROR;
				GCC_WARN_UNDECLARED_SELECTOR = YES;
				GCC_WARN_UNINITIALIZED_AUTOS = YES_AGGRESSIVE;
				GCC_WARN_UNUSED_FUNCTION = YES;
				GCC_WARN_UNUSED_VARIABLE = YES;
				IPHONEOS_DEPLOYMENT_TARGET = 11.2;
				MTL_ENABLE_DEBUG_INFO = NO;
				SDKROOT = iphoneos;
				SWIFT_OPTIMIZATION_LEVEL = "-Owholemodule";
				VALIDATE_PRODUCT = YES;
			};
			name = Release;
		};
		CF137A2320E8073C002A45A6 /* Debug */ = {
			isa = XCBuildConfiguration;
			baseConfigurationReference = C646A3F1046CCBF215F218BD /* Pods-Factory2.0.debug.xcconfig */;
			buildSettings = {
				ASSETCATALOG_COMPILER_APPICON_NAME = AppIcon;
				CODE_SIGN_STYLE = Automatic;
				DEVELOPMENT_TEAM = Z29U9TK6XW;
				INFOPLIST_FILE = Factory2.0/Info.plist;
				LD_RUNPATH_SEARCH_PATHS = "$(inherited) @executable_path/Frameworks";
				PRODUCT_BUNDLE_IDENTIFIER = "i.Factory2-0";
				PRODUCT_NAME = "$(TARGET_NAME)";
				SWIFT_VERSION = 4.0;
				TARGETED_DEVICE_FAMILY = "1,2";
			};
			name = Debug;
		};
		CF137A2420E8073C002A45A6 /* Release */ = {
			isa = XCBuildConfiguration;
			baseConfigurationReference = C03AB4E74AFD6B4174259597 /* Pods-Factory2.0.release.xcconfig */;
			buildSettings = {
				ASSETCATALOG_COMPILER_APPICON_NAME = AppIcon;
				CODE_SIGN_STYLE = Automatic;
				DEVELOPMENT_TEAM = Z29U9TK6XW;
				INFOPLIST_FILE = Factory2.0/Info.plist;
				LD_RUNPATH_SEARCH_PATHS = "$(inherited) @executable_path/Frameworks";
				PRODUCT_BUNDLE_IDENTIFIER = "i.Factory2-0";
				PRODUCT_NAME = "$(TARGET_NAME)";
				SWIFT_VERSION = 4.0;
				TARGETED_DEVICE_FAMILY = "1,2";
			};
			name = Release;
		};
/* End XCBuildConfiguration section */

/* Begin XCConfigurationList section */
		CF137A0B20E8073C002A45A6 /* Build configuration list for PBXProject "Factory2.0" */ = {
			isa = XCConfigurationList;
			buildConfigurations = (
				CF137A2020E8073C002A45A6 /* Debug */,
				CF137A2120E8073C002A45A6 /* Release */,
			);
			defaultConfigurationIsVisible = 0;
			defaultConfigurationName = Release;
		};
		CF137A2220E8073C002A45A6 /* Build configuration list for PBXNativeTarget "Factory2.0" */ = {
			isa = XCConfigurationList;
			buildConfigurations = (
				CF137A2320E8073C002A45A6 /* Debug */,
				CF137A2420E8073C002A45A6 /* Release */,
			);
			defaultConfigurationIsVisible = 0;
			defaultConfigurationName = Release;
		};
/* End XCConfigurationList section */
	};
	rootObject = CF137A0820E8073C002A45A6 /* Project object */;
}
